
Microsoft Visual Studio Solution File, Format Version 12.00
# Visual Studio Version 17
VisualStudioVersion = 17.5.33502.453
MinimumVisualStudioVersion = 10.0.40219.1
Project("{9A19103F-16F7-4668-BE54-9A1E7A4F7556}") = "001-Start", "001-Start\001-Start.csproj", "{74823D92-1D95-4754-96F7-E11AF2C448BF}"
EndProject
Project("{9A19103F-16F7-4668-BE54-9A1E7A4F7556}") = "002-Exercise", "002-Exercise\002-Exercise.csproj", "{A7645969-D5C6-40BE-BAE4-B5672E243F2B}"
EndProject
Project("{9A19103F-16F7-4668-BE54-9A1E7A4F7556}") = "003-Exercise", "003-Exercise\003-Exercise.csproj", "{CE33F042-A049-40F2-83A7-4280E484DF82}"
EndProject
Project("{9A19103F-16F7-4668-BE54-9A1E7A4F7556}") = "004-字符串格式化输出", "004-字符串格式化输出\004-字符串格式化输出.csproj", "{3322CB82-2371-4175-A91B-305769866759}"
EndProject
Project("{9A19103F-16F7-4668-BE54-9A1E7A4F7556}") = "007-数学运算符", "007-数学运算\007-数学运算符.csproj", "{9BE80E30-8513-4494-939A-5AB92C29395E}"
EndProject
Project("{9A19103F-16F7-4668-BE54-9A1E7A4F7556}") = "008-自增自减运算符", "008-自增自减运算符\008-自增自减运算符.csproj", "{3F81BC11-AB06-437A-80AE-0F242EB7F2D7}"
EndProject
Project("{9A19103F-16F7-4668-BE54-9A1E7A4F7556}") = "009-关系运算符和布尔类型", "009-关系运算符和布尔类型\009-关系运算符和布尔类型.csproj", "{2231C412-9E17-4CF2-97F9-86C1A95DEF86}"
EndProject
Project("{9A19103F-16F7-4668-BE54-9A1E7A4F7556}") = "011-运算符的优先级", "011-逻辑运算符的优先级\011-运算符的优先级.csproj", "{4B7FC575-387A-4B93-898E-C3BAD3B46163}"
EndProject
Project("{9A19103F-16F7-4668-BE54-9A1E7A4F7556}") = "010-逻辑运算符", "010-逻辑运算符\010-逻辑运算符.csproj", "{B9FD4C95-6CB9-4528-A653-5C26E055ACBC}"
EndProject
Project("{9A19103F-16F7-4668-BE54-9A1E7A4F7556}") = "013-条件语句-if", "013-条件语句-if\013-条件语句-if.csproj", "{4BFA68F9-EF03-40CF-9868-324CE3CFC09C}"
EndProject
Project("{9A19103F-16F7-4668-BE54-9A1E7A4F7556}") = "014-Exercise", "014-Exercise\014-Exercise.csproj", "{2B4A16A7-E081-4322-9C90-CD4DC968F809}"
EndProject
Project("{9A19103F-16F7-4668-BE54-9A1E7A4F7556}") = "015-排序题", "015-排序题\015-排序题.csproj", "{6AC140FB-D8F7-462A-9BF6-31632E4B4A31}"
EndProject
Project("{9A19103F-16F7-4668-BE54-9A1E7A4F7556}") = "016-条件语句-switch", "016-switch\016-条件语句-switch.csproj", "{CE8DCCE9-8723-4518-B91A-53A5E16B0752}"
EndProject
Project("{9A19103F-16F7-4668-BE54-9A1E7A4F7556}") = "018-循环语句-while", "018-循环语句-while\018-循环语句-while.csproj", "{F2BD601A-05C1-4474-96ED-262BA4CB3F49}"
EndProject
Project("{9A19103F-16F7-4668-BE54-9A1E7A4F7556}") = "019-循环语句-for", "019-循环语句-for\019-循环语句-for.csproj", "{A3661147-5192-4A8C-8E02-2F6418E0CFF2}"
EndProject
Project("{9A19103F-16F7-4668-BE54-9A1E7A4F7556}") = "020-for练习题", "020-for练习题\020-for练习题.csproj", "{C40E4A03-D19B-40BD-92FE-55441AFC825B}"
EndProject
Project("{9A19103F-16F7-4668-BE54-9A1E7A4F7556}") = "021-循环语句-do while", "021-循环语句-do while\021-循环语句-do while.csproj", "{473F98AC-6478-4E23-8F0D-B286CCDFC447}"
EndProject
Project("{9A19103F-16F7-4668-BE54-9A1E7A4F7556}") = "005-常量", "005-常量\005-常量.csproj", "{4B3D383F-7DA7-4B58-9792-5EEBE04A78AF}"
EndProject
Project("{9A19103F-16F7-4668-BE54-9A1E7A4F7556}") = "006-数据转换", "006-数据转换\006-数据转换.csproj", "{14A5567F-2508-490E-9E3A-D7FAA1667E86}"
EndProject
Project("{9A19103F-16F7-4668-BE54-9A1E7A4F7556}") = "022-异常捕获", "022-异常捕获\022-异常捕获.csproj", "{DBDEB05D-D0CA-43A6-BB85-9FDB92545DA5}"
EndProject
Project("{9A19103F-16F7-4668-BE54-9A1E7A4F7556}") = "023-位运算", "023-位运算\023-位运算.csproj", "{B9DC239B-F4C7-478F-A5BF-A5527C72B8C3}"
EndProject
Project("{9A19103F-16F7-4668-BE54-9A1E7A4F7556}") = "024-三目运算符", "024-三目运算符\024-三目运算符.csproj", "{568FF5E1-A931-4312-B5B5-A0D6C9B80812}"
EndProject
Project("{9A19103F-16F7-4668-BE54-9A1E7A4F7556}") = "025-Exercise", "024-Exercise\025-Exercise.csproj", "{D63DEB99-C4FF-4C9D-9432-8AE06809C8E1}"
EndProject
Project("{9A19103F-16F7-4668-BE54-9A1E7A4F7556}") = "026-Exercise", "026-Exercise\026-Exercise.csproj", "{1A05FD48-CBEA-4A2F-90BC-F24FC0EC8D2D}"
EndProject
Project("{9A19103F-16F7-4668-BE54-9A1E7A4F7556}") = "064-Exercise", "ConsoleApp1\064-Exercise.csproj", "{7CAB022C-37E5-4388-BDA2-A010106592FA}"
EndProject
Project("{9A19103F-16F7-4668-BE54-9A1E7A4F7556}") = "066-Exercise", "066-Exercise\066-Exercise.csproj", "{D0E9317F-041A-4217-83FF-3FFAA268D23A}"
EndProject
Project("{9A19103F-16F7-4668-BE54-9A1E7A4F7556}") = "067-Exercise 因数", "067-Exercise 因数\067-Exercise 因数.csproj", "{192D91B9-4174-40EE-A577-287CFC67050A}"
EndProject
Project("{9A19103F-16F7-4668-BE54-9A1E7A4F7556}") = "074-随机数", "074-随机数\074-随机数.csproj", "{C744201E-ECD2-4A1B-8AA1-E571A9436338}"
EndProject
Project("{9A19103F-16F7-4668-BE54-9A1E7A4F7556}") = "081-数组", "081-数组\081-数组.csproj", "{EF068E9F-DCE1-4871-A43C-34F151C9186E}"
EndProject
Project("{9A19103F-16F7-4668-BE54-9A1E7A4F7556}") = "083-数组的遍历", "083-数组的遍历\083-数组的遍历.csproj", "{3671BEEE-8B8E-4A53-812D-6631F6DB8B39}"
EndProject
Project("{9A19103F-16F7-4668-BE54-9A1E7A4F7556}") = "084-字符串 字符数组", "084-字符串 字符数组\084-字符串 字符数组.csproj", "{0EE23115-152E-485E-A98C-DE5A758443A0}"
EndProject
Project("{9A19103F-16F7-4668-BE54-9A1E7A4F7556}") = "087-Exercise", "087-Exercise\087-Exercise.csproj", "{F207EA9F-8D4E-4AB1-8039-133BA32DC946}"
EndProject
Project("{9A19103F-16F7-4668-BE54-9A1E7A4F7556}") = "088-冒泡排序 数组", "088-Exercise\088-冒泡排序 数组.csproj", "{FE0DAEB0-D1D8-4171-92CA-AF610CC16A37}"
EndProject
Project("{9A19103F-16F7-4668-BE54-9A1E7A4F7556}") = "089-冒泡排序 插入", "089-冒泡排序 插入\089-冒泡排序 插入.csproj", "{8204A886-9C6A-484A-B00D-8F66A209A567}"
EndProject
Project("{9A19103F-16F7-4668-BE54-9A1E7A4F7556}") = "090-排序", "090-排序\090-排序.csproj", "{F358A90D-9900-4357-811F-D25663DCB38C}"
EndProject
Project("{9A19103F-16F7-4668-BE54-9A1E7A4F7556}") = "091-冒泡排序", "091-冒泡排序\091-冒泡排序.csproj", "{557FC294-4A6A-4233-947F-B059339276E4}"
EndProject
Project("{9A19103F-16F7-4668-BE54-9A1E7A4F7556}") = "092-判断合法标识符", "092-判断合法标识符\092-判断合法标识符.csproj", "{6B377BF3-A4CC-4096-98B9-266A46F6CF13}"
EndProject
Project("{9A19103F-16F7-4668-BE54-9A1E7A4F7556}") = "093-判断是否是回文字符串", "093-判断是否是回文字符串\093-判断是否是回文字符串.csproj", "{33888FB5-F5BA-4CE2-9878-BB0778011315}"
EndProject
Project("{9A19103F-16F7-4668-BE54-9A1E7A4F7556}") = "098-函数", "098-函数\098-函数.csproj", "{EA07F093-685D-46FC-A3AB-B9E918D23D39}"
EndProject
Project("{9A19103F-16F7-4668-BE54-9A1E7A4F7556}") = "100-找出m n之间的真素数", "100-找出m n之间的真素数\100-找出m n之间的真素数.csproj", "{3E9B4ABE-AAC4-40ED-B9D0-86C04E4E30FE}"
EndProject
Project("{9A19103F-16F7-4668-BE54-9A1E7A4F7556}") = "101-通过function改进真素数算法", "101-通过function改进真素数算法\101-通过function改进真素数算法.csproj", "{DCEC951B-72AD-41D7-8081-3F7431CD6EBC}"
EndProject
Project("{9A19103F-16F7-4668-BE54-9A1E7A4F7556}") = "102-方法中的参数数组", "102-方法中的参数数组\102-方法中的参数数组.csproj", "{CDF26C6B-8BB8-4F9A-830C-2B764CF6DD5D}"
EndProject
Project("{9A19103F-16F7-4668-BE54-9A1E7A4F7556}") = "103-计算最大值和计算因子", "103-计算最大值和计算因子\103-计算最大值和计算因子.csproj", "{F9B74848-6691-4445-954C-86184439ACDA}"
EndProject
Project("{9A19103F-16F7-4668-BE54-9A1E7A4F7556}") = "104-方法的重载", "104-方法的重载\104-方法的重载.csproj", "{1CA0772B-F371-4032-BAA2-88F1C22047DF}"
EndProject
Project("{9A19103F-16F7-4668-BE54-9A1E7A4F7556}") = "105-递归函数", "105-递归函数\105-递归函数.csproj", "{06D274A7-0DFA-4C32-9F0D-423883F94DB0}"
EndProject
Project("{9A19103F-16F7-4668-BE54-9A1E7A4F7556}") = "105-递归练习", "105-递归联系\105-递归练习.csproj", "{98069B0D-61B5-4712-BA41-4B87BCEED1D2}"
EndProject
Project("{FAE04EC0-301F-11D3-BF4B-00C04F79EFBC}") = "107-阶乘练习", "107-阶乘练习\107-阶乘练习.csproj", "{D1BA995A-4E62-4D43-A78B-20B190327C80}"
EndProject
Project("{FAE04EC0-301F-11D3-BF4B-00C04F79EFBC}") = "108-阶乘练习", "108-阶乘练习\108-阶乘练习.csproj", "{7D3A59C0-F908-47E0-9124-E721549E6AE9}"
EndProject
Project("{FAE04EC0-301F-11D3-BF4B-00C04F79EFBC}") = "109-常量", "109-常量\109-常量.csproj", "{536E1B18-D4B5-4BEE-9036-31143525622B}"
EndProject
Project("{FAE04EC0-301F-11D3-BF4B-00C04F79EFBC}") = "110-枚举类型", "110-枚举类型\110-枚举类型.csproj", "{A802746F-7A1A-44A6-BDD9-8390CA0FAEF9}"
EndProject
Project("{FAE04EC0-301F-11D3-BF4B-00C04F79EFBC}") = "111-枚举类型练习", "111-枚举类型练习\111-枚举类型练习.csproj", "{7ACE765C-742F-4A98-A66C-AA73736C88F3}"
EndProject
Project("{FAE04EC0-301F-11D3-BF4B-00C04F79EFBC}") = "112-结构体", "112-结构体\112-结构体.csproj", "{1B70D3F3-E6CC-4489-A728-B7545311E75A}"
EndProject
Project("{FAE04EC0-301F-11D3-BF4B-00C04F79EFBC}") = "113-结构体练习", "113-结构体练习\113-结构体练习.csproj", "{BB48571F-74F4-49E5-BA75-4FE34D9428D0}"
EndProject
Project("{FAE04EC0-301F-11D3-BF4B-00C04F79EFBC}") = "114-结构体 Vector3", "114-结构体 Vector3\114-结构体 Vector3.csproj", "{AD7A5B0D-C407-45D9-800D-4BE752AA5406}"
EndProject
Project("{FAE04EC0-301F-11D3-BF4B-00C04F79EFBC}") = "115-委托", "115-委托\115-委托.csproj", "{F36E0412-F436-4152-8DC1-2A05ED4BFEE8}"
EndProject
Project("{FAE04EC0-301F-11D3-BF4B-00C04F79EFBC}") = "116-委托撒花", "116-委托撒花\116-委托撒花.csproj", "{866430AA-75D9-4F77-859C-1DAB10F56797}"
EndProject
Global
	GlobalSection(SolutionConfigurationPlatforms) = preSolution
		Debug|Any CPU = Debug|Any CPU
		Release|Any CPU = Release|Any CPU
	EndGlobalSection
	GlobalSection(ProjectConfigurationPlatforms) = postSolution
		{74823D92-1D95-4754-96F7-E11AF2C448BF}.Debug|Any CPU.ActiveCfg = Debug|Any CPU
		{74823D92-1D95-4754-96F7-E11AF2C448BF}.Debug|Any CPU.Build.0 = Debug|Any CPU
		{74823D92-1D95-4754-96F7-E11AF2C448BF}.Release|Any CPU.ActiveCfg = Release|Any CPU
		{74823D92-1D95-4754-96F7-E11AF2C448BF}.Release|Any CPU.Build.0 = Release|Any CPU
		{A7645969-D5C6-40BE-BAE4-B5672E243F2B}.Debug|Any CPU.ActiveCfg = Debug|Any CPU
		{A7645969-D5C6-40BE-BAE4-B5672E243F2B}.Debug|Any CPU.Build.0 = Debug|Any CPU
		{A7645969-D5C6-40BE-BAE4-B5672E243F2B}.Release|Any CPU.ActiveCfg = Release|Any CPU
		{A7645969-D5C6-40BE-BAE4-B5672E243F2B}.Release|Any CPU.Build.0 = Release|Any CPU
		{CE33F042-A049-40F2-83A7-4280E484DF82}.Debug|Any CPU.ActiveCfg = Debug|Any CPU
		{CE33F042-A049-40F2-83A7-4280E484DF82}.Debug|Any CPU.Build.0 = Debug|Any CPU
		{CE33F042-A049-40F2-83A7-4280E484DF82}.Release|Any CPU.ActiveCfg = Release|Any CPU
		{CE33F042-A049-40F2-83A7-4280E484DF82}.Release|Any CPU.Build.0 = Release|Any CPU
		{3322CB82-2371-4175-A91B-305769866759}.Debug|Any CPU.ActiveCfg = Debug|Any CPU
		{3322CB82-2371-4175-A91B-305769866759}.Debug|Any CPU.Build.0 = Debug|Any CPU
		{3322CB82-2371-4175-A91B-305769866759}.Release|Any CPU.ActiveCfg = Release|Any CPU
		{3322CB82-2371-4175-A91B-305769866759}.Release|Any CPU.Build.0 = Release|Any CPU
		{9BE80E30-8513-4494-939A-5AB92C29395E}.Debug|Any CPU.ActiveCfg = Debug|Any CPU
		{9BE80E30-8513-4494-939A-5AB92C29395E}.Debug|Any CPU.Build.0 = Debug|Any CPU
		{9BE80E30-8513-4494-939A-5AB92C29395E}.Release|Any CPU.ActiveCfg = Release|Any CPU
		{9BE80E30-8513-4494-939A-5AB92C29395E}.Release|Any CPU.Build.0 = Release|Any CPU
		{3F81BC11-AB06-437A-80AE-0F242EB7F2D7}.Debug|Any CPU.ActiveCfg = Debug|Any CPU
		{3F81BC11-AB06-437A-80AE-0F242EB7F2D7}.Debug|Any CPU.Build.0 = Debug|Any CPU
		{3F81BC11-AB06-437A-80AE-0F242EB7F2D7}.Release|Any CPU.ActiveCfg = Release|Any CPU
		{3F81BC11-AB06-437A-80AE-0F242EB7F2D7}.Release|Any CPU.Build.0 = Release|Any CPU
		{2231C412-9E17-4CF2-97F9-86C1A95DEF86}.Debug|Any CPU.ActiveCfg = Debug|Any CPU
		{2231C412-9E17-4CF2-97F9-86C1A95DEF86}.Debug|Any CPU.Build.0 = Debug|Any CPU
		{2231C412-9E17-4CF2-97F9-86C1A95DEF86}.Release|Any CPU.ActiveCfg = Release|Any CPU
		{2231C412-9E17-4CF2-97F9-86C1A95DEF86}.Release|Any CPU.Build.0 = Release|Any CPU
		{4B7FC575-387A-4B93-898E-C3BAD3B46163}.Debug|Any CPU.ActiveCfg = Debug|Any CPU
		{4B7FC575-387A-4B93-898E-C3BAD3B46163}.Debug|Any CPU.Build.0 = Debug|Any CPU
		{4B7FC575-387A-4B93-898E-C3BAD3B46163}.Release|Any CPU.ActiveCfg = Release|Any CPU
		{4B7FC575-387A-4B93-898E-C3BAD3B46163}.Release|Any CPU.Build.0 = Release|Any CPU
		{B9FD4C95-6CB9-4528-A653-5C26E055ACBC}.Debug|Any CPU.ActiveCfg = Debug|Any CPU
		{B9FD4C95-6CB9-4528-A653-5C26E055ACBC}.Debug|Any CPU.Build.0 = Debug|Any CPU
		{B9FD4C95-6CB9-4528-A653-5C26E055ACBC}.Release|Any CPU.ActiveCfg = Release|Any CPU
		{B9FD4C95-6CB9-4528-A653-5C26E055ACBC}.Release|Any CPU.Build.0 = Release|Any CPU
		{4BFA68F9-EF03-40CF-9868-324CE3CFC09C}.Debug|Any CPU.ActiveCfg = Debug|Any CPU
		{4BFA68F9-EF03-40CF-9868-324CE3CFC09C}.Debug|Any CPU.Build.0 = Debug|Any CPU
		{4BFA68F9-EF03-40CF-9868-324CE3CFC09C}.Release|Any CPU.ActiveCfg = Release|Any CPU
		{4BFA68F9-EF03-40CF-9868-324CE3CFC09C}.Release|Any CPU.Build.0 = Release|Any CPU
		{2B4A16A7-E081-4322-9C90-CD4DC968F809}.Debug|Any CPU.ActiveCfg = Debug|Any CPU
		{2B4A16A7-E081-4322-9C90-CD4DC968F809}.Debug|Any CPU.Build.0 = Debug|Any CPU
		{2B4A16A7-E081-4322-9C90-CD4DC968F809}.Release|Any CPU.ActiveCfg = Release|Any CPU
		{2B4A16A7-E081-4322-9C90-CD4DC968F809}.Release|Any CPU.Build.0 = Release|Any CPU
		{6AC140FB-D8F7-462A-9BF6-31632E4B4A31}.Debug|Any CPU.ActiveCfg = Debug|Any CPU
		{6AC140FB-D8F7-462A-9BF6-31632E4B4A31}.Debug|Any CPU.Build.0 = Debug|Any CPU
		{6AC140FB-D8F7-462A-9BF6-31632E4B4A31}.Release|Any CPU.ActiveCfg = Release|Any CPU
		{6AC140FB-D8F7-462A-9BF6-31632E4B4A31}.Release|Any CPU.Build.0 = Release|Any CPU
		{CE8DCCE9-8723-4518-B91A-53A5E16B0752}.Debug|Any CPU.ActiveCfg = Debug|Any CPU
		{CE8DCCE9-8723-4518-B91A-53A5E16B0752}.Debug|Any CPU.Build.0 = Debug|Any CPU
		{CE8DCCE9-8723-4518-B91A-53A5E16B0752}.Release|Any CPU.ActiveCfg = Release|Any CPU
		{CE8DCCE9-8723-4518-B91A-53A5E16B0752}.Release|Any CPU.Build.0 = Release|Any CPU
		{F2BD601A-05C1-4474-96ED-262BA4CB3F49}.Debug|Any CPU.ActiveCfg = Debug|Any CPU
		{F2BD601A-05C1-4474-96ED-262BA4CB3F49}.Debug|Any CPU.Build.0 = Debug|Any CPU
		{F2BD601A-05C1-4474-96ED-262BA4CB3F49}.Release|Any CPU.ActiveCfg = Release|Any CPU
		{F2BD601A-05C1-4474-96ED-262BA4CB3F49}.Release|Any CPU.Build.0 = Release|Any CPU
		{A3661147-5192-4A8C-8E02-2F6418E0CFF2}.Debug|Any CPU.ActiveCfg = Debug|Any CPU
		{A3661147-5192-4A8C-8E02-2F6418E0CFF2}.Debug|Any CPU.Build.0 = Debug|Any CPU
		{A3661147-5192-4A8C-8E02-2F6418E0CFF2}.Release|Any CPU.ActiveCfg = Release|Any CPU
		{A3661147-5192-4A8C-8E02-2F6418E0CFF2}.Release|Any CPU.Build.0 = Release|Any CPU
		{C40E4A03-D19B-40BD-92FE-55441AFC825B}.Debug|Any CPU.ActiveCfg = Debug|Any CPU
		{C40E4A03-D19B-40BD-92FE-55441AFC825B}.Debug|Any CPU.Build.0 = Debug|Any CPU
		{C40E4A03-D19B-40BD-92FE-55441AFC825B}.Release|Any CPU.ActiveCfg = Release|Any CPU
		{C40E4A03-D19B-40BD-92FE-55441AFC825B}.Release|Any CPU.Build.0 = Release|Any CPU
		{473F98AC-6478-4E23-8F0D-B286CCDFC447}.Debug|Any CPU.ActiveCfg = Debug|Any CPU
		{473F98AC-6478-4E23-8F0D-B286CCDFC447}.Debug|Any CPU.Build.0 = Debug|Any CPU
		{473F98AC-6478-4E23-8F0D-B286CCDFC447}.Release|Any CPU.ActiveCfg = Release|Any CPU
		{473F98AC-6478-4E23-8F0D-B286CCDFC447}.Release|Any CPU.Build.0 = Release|Any CPU
		{4B3D383F-7DA7-4B58-9792-5EEBE04A78AF}.Debug|Any CPU.ActiveCfg = Debug|Any CPU
		{4B3D383F-7DA7-4B58-9792-5EEBE04A78AF}.Debug|Any CPU.Build.0 = Debug|Any CPU
		{4B3D383F-7DA7-4B58-9792-5EEBE04A78AF}.Release|Any CPU.ActiveCfg = Release|Any CPU
		{4B3D383F-7DA7-4B58-9792-5EEBE04A78AF}.Release|Any CPU.Build.0 = Release|Any CPU
		{14A5567F-2508-490E-9E3A-D7FAA1667E86}.Debug|Any CPU.ActiveCfg = Debug|Any CPU
		{14A5567F-2508-490E-9E3A-D7FAA1667E86}.Debug|Any CPU.Build.0 = Debug|Any CPU
		{14A5567F-2508-490E-9E3A-D7FAA1667E86}.Release|Any CPU.ActiveCfg = Release|Any CPU
		{14A5567F-2508-490E-9E3A-D7FAA1667E86}.Release|Any CPU.Build.0 = Release|Any CPU
		{DBDEB05D-D0CA-43A6-BB85-9FDB92545DA5}.Debug|Any CPU.ActiveCfg = Debug|Any CPU
		{DBDEB05D-D0CA-43A6-BB85-9FDB92545DA5}.Debug|Any CPU.Build.0 = Debug|Any CPU
		{DBDEB05D-D0CA-43A6-BB85-9FDB92545DA5}.Release|Any CPU.ActiveCfg = Release|Any CPU
		{DBDEB05D-D0CA-43A6-BB85-9FDB92545DA5}.Release|Any CPU.Build.0 = Release|Any CPU
		{B9DC239B-F4C7-478F-A5BF-A5527C72B8C3}.Debug|Any CPU.ActiveCfg = Debug|Any CPU
		{B9DC239B-F4C7-478F-A5BF-A5527C72B8C3}.Debug|Any CPU.Build.0 = Debug|Any CPU
		{B9DC239B-F4C7-478F-A5BF-A5527C72B8C3}.Release|Any CPU.ActiveCfg = Release|Any CPU
		{B9DC239B-F4C7-478F-A5BF-A5527C72B8C3}.Release|Any CPU.Build.0 = Release|Any CPU
		{568FF5E1-A931-4312-B5B5-A0D6C9B80812}.Debug|Any CPU.ActiveCfg = Debug|Any CPU
		{568FF5E1-A931-4312-B5B5-A0D6C9B80812}.Debug|Any CPU.Build.0 = Debug|Any CPU
		{568FF5E1-A931-4312-B5B5-A0D6C9B80812}.Release|Any CPU.ActiveCfg = Release|Any CPU
		{568FF5E1-A931-4312-B5B5-A0D6C9B80812}.Release|Any CPU.Build.0 = Release|Any CPU
		{D63DEB99-C4FF-4C9D-9432-8AE06809C8E1}.Debug|Any CPU.ActiveCfg = Debug|Any CPU
		{D63DEB99-C4FF-4C9D-9432-8AE06809C8E1}.Debug|Any CPU.Build.0 = Debug|Any CPU
		{D63DEB99-C4FF-4C9D-9432-8AE06809C8E1}.Release|Any CPU.ActiveCfg = Release|Any CPU
		{D63DEB99-C4FF-4C9D-9432-8AE06809C8E1}.Release|Any CPU.Build.0 = Release|Any CPU
		{1A05FD48-CBEA-4A2F-90BC-F24FC0EC8D2D}.Debug|Any CPU.ActiveCfg = Debug|Any CPU
		{1A05FD48-CBEA-4A2F-90BC-F24FC0EC8D2D}.Debug|Any CPU.Build.0 = Debug|Any CPU
		{1A05FD48-CBEA-4A2F-90BC-F24FC0EC8D2D}.Release|Any CPU.ActiveCfg = Release|Any CPU
		{1A05FD48-CBEA-4A2F-90BC-F24FC0EC8D2D}.Release|Any CPU.Build.0 = Release|Any CPU
		{7CAB022C-37E5-4388-BDA2-A010106592FA}.Debug|Any CPU.ActiveCfg = Debug|Any CPU
		{7CAB022C-37E5-4388-BDA2-A010106592FA}.Debug|Any CPU.Build.0 = Debug|Any CPU
		{7CAB022C-37E5-4388-BDA2-A010106592FA}.Release|Any CPU.ActiveCfg = Release|Any CPU
		{7CAB022C-37E5-4388-BDA2-A010106592FA}.Release|Any CPU.Build.0 = Release|Any CPU
		{D0E9317F-041A-4217-83FF-3FFAA268D23A}.Debug|Any CPU.ActiveCfg = Debug|Any CPU
		{D0E9317F-041A-4217-83FF-3FFAA268D23A}.Debug|Any CPU.Build.0 = Debug|Any CPU
		{D0E9317F-041A-4217-83FF-3FFAA268D23A}.Release|Any CPU.ActiveCfg = Release|Any CPU
		{D0E9317F-041A-4217-83FF-3FFAA268D23A}.Release|Any CPU.Build.0 = Release|Any CPU
		{192D91B9-4174-40EE-A577-287CFC67050A}.Debug|Any CPU.ActiveCfg = Debug|Any CPU
		{192D91B9-4174-40EE-A577-287CFC67050A}.Debug|Any CPU.Build.0 = Debug|Any CPU
		{192D91B9-4174-40EE-A577-287CFC67050A}.Release|Any CPU.ActiveCfg = Release|Any CPU
		{192D91B9-4174-40EE-A577-287CFC67050A}.Release|Any CPU.Build.0 = Release|Any CPU
		{C744201E-ECD2-4A1B-8AA1-E571A9436338}.Debug|Any CPU.ActiveCfg = Debug|Any CPU
		{C744201E-ECD2-4A1B-8AA1-E571A9436338}.Debug|Any CPU.Build.0 = Debug|Any CPU
		{C744201E-ECD2-4A1B-8AA1-E571A9436338}.Release|Any CPU.ActiveCfg = Release|Any CPU
		{C744201E-ECD2-4A1B-8AA1-E571A9436338}.Release|Any CPU.Build.0 = Release|Any CPU
		{EF068E9F-DCE1-4871-A43C-34F151C9186E}.Debug|Any CPU.ActiveCfg = Debug|Any CPU
		{EF068E9F-DCE1-4871-A43C-34F151C9186E}.Debug|Any CPU.Build.0 = Debug|Any CPU
		{EF068E9F-DCE1-4871-A43C-34F151C9186E}.Release|Any CPU.ActiveCfg = Release|Any CPU
		{EF068E9F-DCE1-4871-A43C-34F151C9186E}.Release|Any CPU.Build.0 = Release|Any CPU
		{3671BEEE-8B8E-4A53-812D-6631F6DB8B39}.Debug|Any CPU.ActiveCfg = Debug|Any CPU
		{3671BEEE-8B8E-4A53-812D-6631F6DB8B39}.Debug|Any CPU.Build.0 = Debug|Any CPU
		{3671BEEE-8B8E-4A53-812D-6631F6DB8B39}.Release|Any CPU.ActiveCfg = Release|Any CPU
		{3671BEEE-8B8E-4A53-812D-6631F6DB8B39}.Release|Any CPU.Build.0 = Release|Any CPU
		{0EE23115-152E-485E-A98C-DE5A758443A0}.Debug|Any CPU.ActiveCfg = Debug|Any CPU
		{0EE23115-152E-485E-A98C-DE5A758443A0}.Debug|Any CPU.Build.0 = Debug|Any CPU
		{0EE23115-152E-485E-A98C-DE5A758443A0}.Release|Any CPU.ActiveCfg = Release|Any CPU
		{0EE23115-152E-485E-A98C-DE5A758443A0}.Release|Any CPU.Build.0 = Release|Any CPU
		{F207EA9F-8D4E-4AB1-8039-133BA32DC946}.Debug|Any CPU.ActiveCfg = Debug|Any CPU
		{F207EA9F-8D4E-4AB1-8039-133BA32DC946}.Debug|Any CPU.Build.0 = Debug|Any CPU
		{F207EA9F-8D4E-4AB1-8039-133BA32DC946}.Release|Any CPU.ActiveCfg = Release|Any CPU
		{F207EA9F-8D4E-4AB1-8039-133BA32DC946}.Release|Any CPU.Build.0 = Release|Any CPU
		{FE0DAEB0-D1D8-4171-92CA-AF610CC16A37}.Debug|Any CPU.ActiveCfg = Debug|Any CPU
		{FE0DAEB0-D1D8-4171-92CA-AF610CC16A37}.Debug|Any CPU.Build.0 = Debug|Any CPU
		{FE0DAEB0-D1D8-4171-92CA-AF610CC16A37}.Release|Any CPU.ActiveCfg = Release|Any CPU
		{FE0DAEB0-D1D8-4171-92CA-AF610CC16A37}.Release|Any CPU.Build.0 = Release|Any CPU
		{8204A886-9C6A-484A-B00D-8F66A209A567}.Debug|Any CPU.ActiveCfg = Debug|Any CPU
		{8204A886-9C6A-484A-B00D-8F66A209A567}.Debug|Any CPU.Build.0 = Debug|Any CPU
		{8204A886-9C6A-484A-B00D-8F66A209A567}.Release|Any CPU.ActiveCfg = Release|Any CPU
		{8204A886-9C6A-484A-B00D-8F66A209A567}.Release|Any CPU.Build.0 = Release|Any CPU
		{F358A90D-9900-4357-811F-D25663DCB38C}.Debug|Any CPU.ActiveCfg = Debug|Any CPU
		{F358A90D-9900-4357-811F-D25663DCB38C}.Debug|Any CPU.Build.0 = Debug|Any CPU
		{F358A90D-9900-4357-811F-D25663DCB38C}.Release|Any CPU.ActiveCfg = Release|Any CPU
		{F358A90D-9900-4357-811F-D25663DCB38C}.Release|Any CPU.Build.0 = Release|Any CPU
		{557FC294-4A6A-4233-947F-B059339276E4}.Debug|Any CPU.ActiveCfg = Debug|Any CPU
		{557FC294-4A6A-4233-947F-B059339276E4}.Debug|Any CPU.Build.0 = Debug|Any CPU
		{557FC294-4A6A-4233-947F-B059339276E4}.Release|Any CPU.ActiveCfg = Release|Any CPU
		{557FC294-4A6A-4233-947F-B059339276E4}.Release|Any CPU.Build.0 = Release|Any CPU
		{6B377BF3-A4CC-4096-98B9-266A46F6CF13}.Debug|Any CPU.ActiveCfg = Debug|Any CPU
		{6B377BF3-A4CC-4096-98B9-266A46F6CF13}.Debug|Any CPU.Build.0 = Debug|Any CPU
		{6B377BF3-A4CC-4096-98B9-266A46F6CF13}.Release|Any CPU.ActiveCfg = Release|Any CPU
		{6B377BF3-A4CC-4096-98B9-266A46F6CF13}.Release|Any CPU.Build.0 = Release|Any CPU
		{33888FB5-F5BA-4CE2-9878-BB0778011315}.Debug|Any CPU.ActiveCfg = Debug|Any CPU
		{33888FB5-F5BA-4CE2-9878-BB0778011315}.Debug|Any CPU.Build.0 = Debug|Any CPU
		{33888FB5-F5BA-4CE2-9878-BB0778011315}.Release|Any CPU.ActiveCfg = Release|Any CPU
		{33888FB5-F5BA-4CE2-9878-BB0778011315}.Release|Any CPU.Build.0 = Release|Any CPU
		{EA07F093-685D-46FC-A3AB-B9E918D23D39}.Debug|Any CPU.ActiveCfg = Debug|Any CPU
		{EA07F093-685D-46FC-A3AB-B9E918D23D39}.Debug|Any CPU.Build.0 = Debug|Any CPU
		{EA07F093-685D-46FC-A3AB-B9E918D23D39}.Release|Any CPU.ActiveCfg = Release|Any CPU
		{EA07F093-685D-46FC-A3AB-B9E918D23D39}.Release|Any CPU.Build.0 = Release|Any CPU
		{3E9B4ABE-AAC4-40ED-B9D0-86C04E4E30FE}.Debug|Any CPU.ActiveCfg = Debug|Any CPU
		{3E9B4ABE-AAC4-40ED-B9D0-86C04E4E30FE}.Debug|Any CPU.Build.0 = Debug|Any CPU
		{3E9B4ABE-AAC4-40ED-B9D0-86C04E4E30FE}.Release|Any CPU.ActiveCfg = Release|Any CPU
		{3E9B4ABE-AAC4-40ED-B9D0-86C04E4E30FE}.Release|Any CPU.Build.0 = Release|Any CPU
		{DCEC951B-72AD-41D7-8081-3F7431CD6EBC}.Debug|Any CPU.ActiveCfg = Debug|Any CPU
		{DCEC951B-72AD-41D7-8081-3F7431CD6EBC}.Debug|Any CPU.Build.0 = Debug|Any CPU
		{DCEC951B-72AD-41D7-8081-3F7431CD6EBC}.Release|Any CPU.ActiveCfg = Release|Any CPU
		{DCEC951B-72AD-41D7-8081-3F7431CD6EBC}.Release|Any CPU.Build.0 = Release|Any CPU
		{CDF26C6B-8BB8-4F9A-830C-2B764CF6DD5D}.Debug|Any CPU.ActiveCfg = Debug|Any CPU
		{CDF26C6B-8BB8-4F9A-830C-2B764CF6DD5D}.Debug|Any CPU.Build.0 = Debug|Any CPU
		{CDF26C6B-8BB8-4F9A-830C-2B764CF6DD5D}.Release|Any CPU.ActiveCfg = Release|Any CPU
		{CDF26C6B-8BB8-4F9A-830C-2B764CF6DD5D}.Release|Any CPU.Build.0 = Release|Any CPU
		{F9B74848-6691-4445-954C-86184439ACDA}.Debug|Any CPU.ActiveCfg = Debug|Any CPU
		{F9B74848-6691-4445-954C-86184439ACDA}.Debug|Any CPU.Build.0 = Debug|Any CPU
		{F9B74848-6691-4445-954C-86184439ACDA}.Release|Any CPU.ActiveCfg = Release|Any CPU
		{F9B74848-6691-4445-954C-86184439ACDA}.Release|Any CPU.Build.0 = Release|Any CPU
		{1CA0772B-F371-4032-BAA2-88F1C22047DF}.Debug|Any CPU.ActiveCfg = Debug|Any CPU
		{1CA0772B-F371-4032-BAA2-88F1C22047DF}.Debug|Any CPU.Build.0 = Debug|Any CPU
		{1CA0772B-F371-4032-BAA2-88F1C22047DF}.Release|Any CPU.ActiveCfg = Release|Any CPU
		{1CA0772B-F371-4032-BAA2-88F1C22047DF}.Release|Any CPU.Build.0 = Release|Any CPU
		{06D274A7-0DFA-4C32-9F0D-423883F94DB0}.Debug|Any CPU.ActiveCfg = Debug|Any CPU
		{06D274A7-0DFA-4C32-9F0D-423883F94DB0}.Debug|Any CPU.Build.0 = Debug|Any CPU
		{06D274A7-0DFA-4C32-9F0D-423883F94DB0}.Release|Any CPU.ActiveCfg = Release|Any CPU
		{06D274A7-0DFA-4C32-9F0D-423883F94DB0}.Release|Any CPU.Build.0 = Release|Any CPU
		{98069B0D-61B5-4712-BA41-4B87BCEED1D2}.Debug|Any CPU.ActiveCfg = Debug|Any CPU
		{98069B0D-61B5-4712-BA41-4B87BCEED1D2}.Debug|Any CPU.Build.0 = Debug|Any CPU
		{98069B0D-61B5-4712-BA41-4B87BCEED1D2}.Release|Any CPU.ActiveCfg = Release|Any CPU
		{98069B0D-61B5-4712-BA41-4B87BCEED1D2}.Release|Any CPU.Build.0 = Release|Any CPU
		{D1BA995A-4E62-4D43-A78B-20B190327C80}.Debug|Any CPU.ActiveCfg = Debug|Any CPU
		{D1BA995A-4E62-4D43-A78B-20B190327C80}.Debug|Any CPU.Build.0 = Debug|Any CPU
		{D1BA995A-4E62-4D43-A78B-20B190327C80}.Release|Any CPU.ActiveCfg = Release|Any CPU
		{D1BA995A-4E62-4D43-A78B-20B190327C80}.Release|Any CPU.Build.0 = Release|Any CPU
		{7D3A59C0-F908-47E0-9124-E721549E6AE9}.Debug|Any CPU.ActiveCfg = Debug|Any CPU
		{7D3A59C0-F908-47E0-9124-E721549E6AE9}.Debug|Any CPU.Build.0 = Debug|Any CPU
		{7D3A59C0-F908-47E0-9124-E721549E6AE9}.Release|Any CPU.ActiveCfg = Release|Any CPU
		{7D3A59C0-F908-47E0-9124-E721549E6AE9}.Release|Any CPU.Build.0 = Release|Any CPU
		{536E1B18-D4B5-4BEE-9036-31143525622B}.Debug|Any CPU.ActiveCfg = Debug|Any CPU
		{536E1B18-D4B5-4BEE-9036-31143525622B}.Debug|Any CPU.Build.0 = Debug|Any CPU
		{536E1B18-D4B5-4BEE-9036-31143525622B}.Release|Any CPU.ActiveCfg = Release|Any CPU
		{536E1B18-D4B5-4BEE-9036-31143525622B}.Release|Any CPU.Build.0 = Release|Any CPU
		{A802746F-7A1A-44A6-BDD9-8390CA0FAEF9}.Debug|Any CPU.ActiveCfg = Debug|Any CPU
		{A802746F-7A1A-44A6-BDD9-8390CA0FAEF9}.Debug|Any CPU.Build.0 = Debug|Any CPU
		{A802746F-7A1A-44A6-BDD9-8390CA0FAEF9}.Release|Any CPU.ActiveCfg = Release|Any CPU
		{A802746F-7A1A-44A6-BDD9-8390CA0FAEF9}.Release|Any CPU.Build.0 = Release|Any CPU
		{7ACE765C-742F-4A98-A66C-AA73736C88F3}.Debug|Any CPU.ActiveCfg = Debug|Any CPU
		{7ACE765C-742F-4A98-A66C-AA73736C88F3}.Debug|Any CPU.Build.0 = Debug|Any CPU
		{7ACE765C-742F-4A98-A66C-AA73736C88F3}.Release|Any CPU.ActiveCfg = Release|Any CPU
		{7ACE765C-742F-4A98-A66C-AA73736C88F3}.Release|Any CPU.Build.0 = Release|Any CPU
		{1B70D3F3-E6CC-4489-A728-B7545311E75A}.Debug|Any CPU.ActiveCfg = Debug|Any CPU
		{1B70D3F3-E6CC-4489-A728-B7545311E75A}.Debug|Any CPU.Build.0 = Debug|Any CPU
		{1B70D3F3-E6CC-4489-A728-B7545311E75A}.Release|Any CPU.ActiveCfg = Release|Any CPU
		{1B70D3F3-E6CC-4489-A728-B7545311E75A}.Release|Any CPU.Build.0 = Release|Any CPU
		{BB48571F-74F4-49E5-BA75-4FE34D9428D0}.Debug|Any CPU.ActiveCfg = Debug|Any CPU
		{BB48571F-74F4-49E5-BA75-4FE34D9428D0}.Debug|Any CPU.Build.0 = Debug|Any CPU
		{BB48571F-74F4-49E5-BA75-4FE34D9428D0}.Release|Any CPU.ActiveCfg = Release|Any CPU
		{BB48571F-74F4-49E5-BA75-4FE34D9428D0}.Release|Any CPU.Build.0 = Release|Any CPU
		{AD7A5B0D-C407-45D9-800D-4BE752AA5406}.Debug|Any CPU.ActiveCfg = Debug|Any CPU
		{AD7A5B0D-C407-45D9-800D-4BE752AA5406}.Debug|Any CPU.Build.0 = Debug|Any CPU
		{AD7A5B0D-C407-45D9-800D-4BE752AA5406}.Release|Any CPU.ActiveCfg = Release|Any CPU
		{AD7A5B0D-C407-45D9-800D-4BE752AA5406}.Release|Any CPU.Build.0 = Release|Any CPU
		{F36E0412-F436-4152-8DC1-2A05ED4BFEE8}.Debug|Any CPU.ActiveCfg = Debug|Any CPU
		{F36E0412-F436-4152-8DC1-2A05ED4BFEE8}.Debug|Any CPU.Build.0 = Debug|Any CPU
		{F36E0412-F436-4152-8DC1-2A05ED4BFEE8}.Release|Any CPU.ActiveCfg = Release|Any CPU
		{F36E0412-F436-4152-8DC1-2A05ED4BFEE8}.Release|Any CPU.Build.0 = Release|Any CPU
		{866430AA-75D9-4F77-859C-1DAB10F56797}.Debug|Any CPU.ActiveCfg = Debug|Any CPU
		{866430AA-75D9-4F77-859C-1DAB10F56797}.Debug|Any CPU.Build.0 = Debug|Any CPU
		{866430AA-75D9-4F77-859C-1DAB10F56797}.Release|Any CPU.ActiveCfg = Release|Any CPU
		{866430AA-75D9-4F77-859C-1DAB10F56797}.Release|Any CPU.Build.0 = Release|Any CPU
	EndGlobalSection
	GlobalSection(SolutionProperties) = preSolution
		HideSolutionNode = FALSE
	EndGlobalSection
	GlobalSection(ExtensibilityGlobals) = postSolution
		SolutionGuid = {C80962A4-1AB5-4F94-9E77-E837DA6AB854}
	EndGlobalSection
EndGlobal
